// !$*UTF8*$!
{
	archiveVersion = 1;
	classes = {
	};
	objectVersion = 56;
	objects = {

/* Begin PBXBuildFile section */
		22AEF1AE28EB8F2E00BE8C18 /* AppDelegate.swift in Sources */ = {isa = PBXBuildFile; fileRef = 22AEF1AD28EB8F2E00BE8C18 /* AppDelegate.swift */; };
		22AEF1B028EB8F2E00BE8C18 /* SceneDelegate.swift in Sources */ = {isa = PBXBuildFile; fileRef = 22AEF1AF28EB8F2E00BE8C18 /* SceneDelegate.swift */; };
		22AEF1B228EB8F2E00BE8C18 /* ViewController.swift in Sources */ = {isa = PBXBuildFile; fileRef = 22AEF1B128EB8F2E00BE8C18 /* ViewController.swift */; };
		22AEF1B528EB8F2E00BE8C18 /* Main.storyboard in Resources */ = {isa = PBXBuildFile; fileRef = 22AEF1B328EB8F2E00BE8C18 /* Main.storyboard */; };
		22AEF1B728EB8F3000BE8C18 /* Assets.xcassets in Resources */ = {isa = PBXBuildFile; fileRef = 22AEF1B628EB8F3000BE8C18 /* Assets.xcassets */; };
		22AEF1BA28EB8F3000BE8C18 /* LaunchScreen.storyboard in Resources */ = {isa = PBXBuildFile; fileRef = 22AEF1B828EB8F3000BE8C18 /* LaunchScreen.storyboard */; };
		22AEF1C728EB98E100BE8C18 /* TouristCell.swift in Sources */ = {isa = PBXBuildFile; fileRef = 22AEF1C528EB98E100BE8C18 /* TouristCell.swift */; };
		22AEF1C828EB98E100BE8C18 /* TouristCell.xib in Resources */ = {isa = PBXBuildFile; fileRef = 22AEF1C628EB98E100BE8C18 /* TouristCell.xib */; };
/* End PBXBuildFile section */

/* Begin PBXFileReference section */
		22AEF1AA28EB8F2E00BE8C18 /* Tourist.app */ = {isa = PBXFileReference; explicitFileType = wrapper.application; includeInIndex = 0; path = Tourist.app; sourceTree = BUILT_PRODUCTS_DIR; };
		22AEF1AD28EB8F2E00BE8C18 /* AppDelegate.swift */ = {isa = PBXFileReference; lastKnownFileType = sourcecode.swift; path = AppDelegate.swift; sourceTree = "<group>"; };
		22AEF1AF28EB8F2E00BE8C18 /* SceneDelegate.swift */ = {isa = PBXFileReference; lastKnownFileType = sourcecode.swift; path = SceneDelegate.swift; sourceTree = "<group>"; };
		22AEF1B128EB8F2E00BE8C18 /* ViewController.swift */ = {isa = PBXFileReference; lastKnownFileType = sourcecode.swift; path = ViewController.swift; sourceTree = "<group>"; };
		22AEF1B428EB8F2E00BE8C18 /* Base */ = {isa = PBXFileReference; lastKnownFileType = file.storyboard; name = Base; path = Base.lproj/Main.storyboard; sourceTree = "<group>"; };
		22AEF1B628EB8F3000BE8C18 /* Assets.xcassets */ = {isa = PBXFileReference; lastKnownFileType = folder.assetcatalog; path = Assets.xcassets; sourceTree = "<group>"; };
		22AEF1B928EB8F3000BE8C18 /* Base */ = {isa = PBXFileReference; lastKnownFileType = file.storyboard; name = Base; path = Base.lproj/LaunchScreen.storyboard; sourceTree = "<group>"; };
		22AEF1BB28EB8F3100BE8C18 /* Info.plist */ = {isa = PBXFileReference; lastKnownFileType = text.plist.xml; path = Info.plist; sourceTree = "<group>"; };
		22AEF1C528EB98E100BE8C18 /* TouristCell.swift */ = {isa = PBXFileReference; lastKnownFileType = sourcecode.swift; path = TouristCell.swift; sourceTree = "<group>"; };
		22AEF1C628EB98E100BE8C18 /* TouristCell.xib */ = {isa = PBXFileReference; lastKnownFileType = file.xib; path = TouristCell.xib; sourceTree = "<group>"; };
/* End PBXFileReference section */

/* Begin PBXFrameworksBuildPhase section */
		22AEF1A728EB8F2E00BE8C18 /* Frameworks */ = {
			isa = PBXFrameworksBuildPhase;
			buildActionMask = 2147483647;
			files = (
			);
			runOnlyForDeploymentPostprocessing = 0;
		};
/* End PBXFrameworksBuildPhase section */

/* Begin PBXGroup section */
		22AEF1A128EB8F2E00BE8C18 = {
			isa = PBXGroup;
			children = (
				22AEF1AC28EB8F2E00BE8C18 /* Tourist */,
				22AEF1AB28EB8F2E00BE8C18 /* Products */,
			);
			sourceTree = "<group>";
		};
		22AEF1AB28EB8F2E00BE8C18 /* Products */ = {
			isa = PBXGroup;
			children = (
				22AEF1AA28EB8F2E00BE8C18 /* Tourist.app */,
			);
			name = Products;
			sourceTree = "<group>";
		};
		22AEF1AC28EB8F2E00BE8C18 /* Tourist */ = {
			isa = PBXGroup;
			children = (
				22AEF1AD28EB8F2E00BE8C18 /* AppDelegate.swift */,
				22AEF1AF28EB8F2E00BE8C18 /* SceneDelegate.swift */,
				22AEF1B128EB8F2E00BE8C18 /* ViewController.swift */,
				22AEF1B328EB8F2E00BE8C18 /* Main.storyboard */,
				22AEF1B628EB8F3000BE8C18 /* Assets.xcassets */,
				22AEF1B828EB8F3000BE8C18 /* LaunchScreen.storyboard */,
				22AEF1BB28EB8F3100BE8C18 /* Info.plist */,
				22AEF1C528EB98E100BE8C18 /* TouristCell.swift */,
				22AEF1C628EB98E100BE8C18 /* TouristCell.xib */,
			);
			path = Tourist;
			sourceTree = "<group>";
		};
/* End PBXGroup section */

/* Begin PBXNativeTarget section */
		22AEF1A928EB8F2E00BE8C18 /* Tourist */ = {
			isa = PBXNativeTarget;
			buildConfigurationList = 22AEF1BE28EB8F3100BE8C18 /* Build configuration list for PBXNativeTarget "Tourist" */;
			buildPhases = (
				22AEF1A628EB8F2E00BE8C18 /* Sources */,
				22AEF1A728EB8F2E00BE8C18 /* Frameworks */,
				22AEF1A828EB8F2E00BE8C18 /* Resources */,
			);
			buildRules = (
			);
			dependencies = (
			);
			name = Tourist;
			productName = Tourist;
			productReference = 22AEF1AA28EB8F2E00BE8C18 /* Tourist.app */;
			productType = "com.apple.product-type.application";
		};
/* End PBXNativeTarget section */

/* Begin PBXProject section */
		22AEF1A228EB8F2E00BE8C18 /* Project object */ = {
			isa = PBXProject;
			attributes = {
				BuildIndependentTargetsInParallel = 1;
				LastSwiftUpdateCheck = 1400;
				LastUpgradeCheck = 1400;
				TargetAttributes = {
					22AEF1A928EB8F2E00BE8C18 = {
						CreatedOnToolsVersion = 14.0;
					};
				};
			};
			buildConfigurationList = 22AEF1A528EB8F2E00BE8C18 /* Build configuration list for PBXProject "Tourist" */;
			compatibilityVersion = "Xcode 14.0";
			developmentRegion = en;
			hasScannedForEncodings = 0;
			knownRegions = (
				en,
				Base,
			);
			mainGroup = 22AEF1A128EB8F2E00BE8C18;
			productRefGroup = 22AEF1AB28EB8F2E00BE8C18 /* Products */;
			projectDirPath = "";
			projectRoot = "";
			targets = (
				22AEF1A928EB8F2E00BE8C18 /* Tourist */,
			);
		};
/* End PBXProject section */

/* Begin PBXResourcesBuildPhase section */
		22AEF1A828EB8F2E00BE8C18 /* Resources */ = {
			isa = PBXResourcesBuildPhase;
			buildActionMask = 2147483647;
			files = (
				22AEF1BA28EB8F3000BE8C18 /* LaunchScreen.storyboard in Resources */,
				22AEF1B728EB8F3000BE8C18 /* Assets.xcassets in Resources */,
				22AEF1C828EB98E100BE8C18 /* TouristCell.xib in Resources */,
				22AEF1B528EB8F2E00BE8C18 /* Main.storyboard in Resources */,
			);
			runOnlyForDeploymentPostprocessing = 0;
		};
/* End PBXResourcesBuildPhase section */

/* Begin PBXSourcesBuildPhase section */
		22AEF1A628EB8F2E00BE8C18 /* Sources */ = {
			isa = PBXSourcesBuildPhase;
			buildActionMask = 2147483647;
			files = (
				22AEF1B228EB8F2E00BE8C18 /* ViewController.swift in Sources */,
				22AEF1AE28EB8F2E00BE8C18 /* AppDelegate.swift in Sources */,
				22AEF1C728EB98E100BE8C18 /* TouristCell.swift in Sources */,
				22AEF1B028EB8F2E00BE8C18 /* SceneDelegate.swift in Sources */,
			);
			runOnlyForDeploymentPostprocessing = 0;
		};
/* End PBXSourcesBuildPhase section */

/* Begin PBXVariantGroup section */
		22AEF1B328EB8F2E00BE8C18 /* Main.storyboard */ = {
			isa = PBXVariantGroup;
			children = (
				22AEF1B428EB8F2E00BE8C18 /* Base */,
			);
			name = Main.storyboard;
			sourceTree = "<group>";
		};
		22AEF1B828EB8F3000BE8C18 /* LaunchScreen.storyboard */ = {
			isa = PBXVariantGroup;
			children = (
				22AEF1B928EB8F3000BE8C18 /* Base */,
			);
			name = LaunchScreen.storyboard;
			sourceTree = "<group>";
		};
/* End PBXVariantGroup section */

/* Begin XCBuildConfiguration section */
		22AEF1BC28EB8F3100BE8C18 /* Debug */ = {
			isa = XCBuildConfiguration;
			buildSettings = {
				ALWAYS_SEARCH_USER_PATHS = NO;
				CLANG_ANALYZER_NONNULL = YES;
				CLANG_ANALYZER_NUMBER_OBJECT_CONVERSION = YES_AGGRESSIVE;
				CLANG_CXX_LANGUAGE_STANDARD = "gnu++20";
				CLANG_ENABLE_MODULES = YES;
				CLANG_ENABLE_OBJC_ARC = YES;
				CLANG_ENABLE_OBJC_WEAK = YES;
				CLANG_WARN_BLOCK_CAPTURE_AUTORELEASING = YES;
				CLANG_WARN_BOOL_CONVERSION = YES;
				CLANG_WARN_COMMA = YES;
				CLANG_WARN_CONSTANT_CONVERSION = YES;
				CLANG_WARN_DEPRECATED_OBJC_IMPLEMENTATIONS = YES;
				CLANG_WARN_DIRECT_OBJC_ISA_USAGE = YES_ERROR;
				CLANG_WARN_DOCUMENTATION_COMMENTS = YES;
				CLANG_WARN_EMPTY_BODY = YES;
				CLANG_WARN_ENUM_CONVERSION = YES;
				CLANG_WARN_INFINITE_RECURSION = YES;
				CLANG_WARN_INT_CONVERSION = YES;
				CLANG_WARN_NON_LITERAL_NULL_CONVERSION = YES;
				CLANG_WARN_OBJC_IMPLICIT_RETAIN_SELF = YES;
				CLANG_WARN_OBJC_LITERAL_CONVERSION = YES;
				CLANG_WARN_OBJC_ROOT_CLASS = YES_ERROR;
				CLANG_WARN_QUOTED_INCLUDE_IN_FRAMEWORK_HEADER = YES;
				CLANG_WARN_RANGE_LOOP_ANALYSIS = YES;
				CLANG_WARN_STRICT_PROTOTYPES = YES;
				CLANG_WARN_SUSPICIOUS_MOVE = YES;
				CLANG_WARN_UNGUARDED_AVAILABILITY = YES_AGGRESSIVE;
				CLANG_WARN_UNREACHABLE_CODE = YES;
				CLANG_WARN__DUPLICATE_METHOD_MATCH = YES;
				COPY_PHASE_STRIP = NO;
				DEBUG_INFORMATION_FORMAT = dwarf;
				ENABLE_STRICT_OBJC_MSGSEND = YES;
				ENABLE_TESTABILITY = YES;
				GCC_C_LANGUAGE_STANDARD = gnu11;
				GCC_DYNAMIC_NO_PIC = NO;
				GCC_NO_COMMON_BLOCKS = YES;
				GCC_OPTIMIZATION_LEVEL = 0;
				GCC_PREPROCESSOR_DEFINITIONS = (
					"DEBUG=1",
					"$(inherited)",
				);
				GCC_WARN_64_TO_32_BIT_CONVERSION = YES;
				GCC_WARN_ABOUT_RETURN_TYPE = YES_ERROR;
				GCC_WARN_UNDECLARED_SELECTOR = YES;
				GCC_WARN_UNINITIALIZED_AUTOS = YES_AGGRESSIVE;
				GCC_WARN_UNUSED_FUNCTION = YES;
				GCC_WARN_UNUSED_VARIABLE = YES;
				IPHONEOS_DEPLOYMENT_TARGET = 16.0;
				MTL_ENABLE_DEBUG_INFO = INCLUDE_SOURCE;
				MTL_FAST_MATH = YES;
				ONLY_ACTIVE_ARCH = YES;
				SDKROOT = iphoneos;
				SWIFT_ACTIVE_COMPILATION_CONDITIONS = DEBUG;
				SWIFT_OPTIMIZATION_LEVEL = "-Onone";
			};
			name = Debug;
		};
		22AEF1BD28EB8F3100BE8C18 /* Release */ = {
			isa = XCBuildConfiguration;
			buildSettings = {
				ALWAYS_SEARCH_USER_PATHS = NO;
				CLANG_ANALYZER_NONNULL = YES;
				CLANG_ANALYZER_NUMBER_OBJECT_CONVERSION = YES_AGGRESSIVE;
				CLANG_CXX_LANGUAGE_STANDARD = "gnu++20";
				CLANG_ENABLE_MODULES = YES;
				CLANG_ENABLE_OBJC_ARC = YES;
				CLANG_ENABLE_OBJC_WEAK = YES;
				CLANG_WARN_BLOCK_CAPTURE_AUTORELEASING = YES;
				CLANG_WARN_BOOL_CONVERSION = YES;
				CLANG_WARN_COMMA = YES;
				CLANG_WARN_CONSTANT_CONVERSION = YES;
				CLANG_WARN_DEPRECATED_OBJC_IMPLEMENTATIONS = YES;
				CLANG_WARN_DIRECT_OBJC_ISA_USAGE = YES_ERROR;
				CLANG_WARN_DOCUMENTATION_COMMENTS = YES;
				CLANG_WARN_EMPTY_BODY = YES;
				CLANG_WARN_ENUM_CONVERSION = YES;
				CLANG_WARN_INFINITE_RECURSION = YES;
				CLANG_WARN_INT_CONVERSION = YES;
				CLANG_WARN_NON_LITERAL_NULL_CONVERSION = YES;
				CLANG_WARN_OBJC_IMPLICIT_RETAIN_SELF = YES;
				CLANG_WARN_OBJC_LITERAL_CONVERSION = YES;
				CLANG_WARN_OBJC_ROOT_CLASS = YES_ERROR;
				CLANG_WARN_QUOTED_INCLUDE_IN_FRAMEWORK_HEADER = YES;
				CLANG_WARN_RANGE_LOOP_ANALYSIS = YES;
				CLANG_WARN_STRICT_PROTOTYPES = YES;
				CLANG_WARN_SUSPICIOUS_MOVE = YES;
				CLANG_WARN_UNGUARDED_AVAILABILITY = YES_AGGRESSIVE;
				CLANG_WARN_UNREACHABLE_CODE = YES;
				CLANG_WARN__DUPLICATE_METHOD_MATCH = YES;
				COPY_PHASE_STRIP = NO;
				DEBUG_INFORMATION_FORMAT = "dwarf-with-dsym";
				ENABLE_NS_ASSERTIONS = NO;
				ENABLE_STRICT_OBJC_MSGSEND = YES;
				GCC_C_LANGUAGE_STANDARD = gnu11;
				GCC_NO_COMMON_BLOCKS = YES;
				GCC_WARN_64_TO_32_BIT_CONVERSION = YES;
				GCC_WARN_ABOUT_RETURN_TYPE = YES_ERROR;
				GCC_WARN_UNDECLARED_SELECTOR = YES;
				GCC_WARN_UNINITIALIZED_AUTOS = YES_AGGRESSIVE;
				GCC_WARN_UNUSED_FUNCTION = YES;
				GCC_WARN_UNUSED_VARIABLE = YES;
				IPHONEOS_DEPLOYMENT_TARGET = 16.0;
				MTL_ENABLE_DEBUG_INFO = NO;
				MTL_FAST_MATH = YES;
				SDKROOT = iphoneos;
				SWIFT_COMPILATION_MODE = wholemodule;
				SWIFT_OPTIMIZATION_LEVEL = "-O";
				VALIDATE_PRODUCT = YES;
			};
			name = Release;
		};
		22AEF1BF28EB8F3100BE8C18 /* Debug */ = {
			isa = XCBuildConfiguration;
			buildSettings = {
				ASSETCATALOG_COMPILER_APPICON_NAME = AppIcon;
				ASSETCATALOG_COMPILER_GLOBAL_ACCENT_COLOR_NAME = AccentColor;
				CODE_SIGN_STYLE = Automatic;
				CURRENT_PROJECT_VERSION = 1;
				GENERATE_INFOPLIST_FILE = YES;
				INFOPLIST_FILE = Tourist/Info.plist;
				INFOPLIST_KEY_UIApplicationSupportsIndirectInputEvents = YES;
				INFOPLIST_KEY_UILaunchStoryboardName = LaunchScreen;
				INFOPLIST_KEY_UIMainStoryboardFile = Main;
				INFOPLIST_KEY_UISupportedInterfaceOrientations_iPad = "UIInterfaceOrientationPortrait UIInterfaceOrientationPortraitUpsideDown UIInterfaceOrientationLandscapeLeft UIInterfaceOrientationLandscapeRight";
				INFOPLIST_KEY_UISupportedInterfaceOrientations_iPhone = "UIInterfaceOrientationPortrait UIInterfaceOrientationLandscapeLeft UIInterfaceOrientationLandscapeRight";
				LD_RUNPATH_SEARCH_PATHS = (
					"$(inherited)",
					"@executable_path/Frameworks",
				);
				MARKETING_VERSION = 1.0;
				PRODUCT_BUNDLE_IDENTIFIER = edu.northeastern.xiaohan.Tourist;
				PRODUCT_NAME = "$(TARGET_NAME)";
				SWIFT_EMIT_LOC_STRINGS = YES;
				SWIFT_VERSION = 5.0;
				TARGETED_DEVICE_FAMILY = "1,2";
			};
			name = Debug;
		};
		22AEF1C028EB8F3100BE8C18 /* Release */ = {
			isa = XCBuildConfiguration;
			buildSettings = {
				ASSETCATALOG_COMPILER_APPICON_NAME = AppIcon;
				ASSETCATALOG_COMPILER_GLOBAL_ACCENT_COLOR_NAME = AccentColor;
				CODE_SIGN_STYLE = Automatic;
				CURRENT_PROJECT_VERSION = 1;
				GENERATE_INFOPLIST_FILE = YES;
				INFOPLIST_FILE = Tourist/Info.plist;
				INFOPLIST_KEY_UIApplicationSupportsIndirectInputEvents = YES;
				INFOPLIST_KEY_UILaunchStoryboardName = LaunchScreen;
				INFOPLIST_KEY_UIMainStoryboardFile = Main;
				INFOPLIST_KEY_UISupportedInterfaceOrientations_iPad = "UIInterfaceOrientationPortrait UIInterfaceOrientationPortraitUpsideDown UIInterfaceOrientationLandscapeLeft UIInterfaceOrientationLandscapeRight";
				INFOPLIST_KEY_UISupportedInterfaceOrientations_iPhone = "UIInterfaceOrientationPortrait UIInterfaceOrientationLandscapeLeft UIInterfaceOrientationLandscapeRight";
				LD_RUNPATH_SEARCH_PATHS = (
					"$(inherited)",
					"@executable_path/Frameworks",
				);
				MARKETING_VERSION = 1.0;
				PRODUCT_BUNDLE_IDENTIFIER = edu.northeastern.xiaohan.Tourist;
				PRODUCT_NAME = "$(TARGET_NAME)";
				SWIFT_EMIT_LOC_STRINGS = YES;
				SWIFT_VERSION = 5.0;
				TARGETED_DEVICE_FAMILY = "1,2";
			};
			name = Release;
		};
/* End XCBuildConfiguration section */

/* Begin XCConfigurationList section */
		22AEF1A528EB8F2E00BE8C18 /* Build configuration list for PBXProject "Tourist" */ = {
			isa = XCConfigurationList;
			buildConfigurations = (
				22AEF1BC28EB8F3100BE8C18 /* Debug */,
				22AEF1BD28EB8F3100BE8C18 /* Release */,
			);
			defaultConfigurationIsVisible = 0;
			defaultConfigurationName = Release;
		};
		22AEF1BE28EB8F3100BE8C18 /* Build configuration list for PBXNativeTarget "Tourist" */ = {
			isa = XCConfigurationList;
			buildConfigurations = (
				22AEF1BF28EB8F3100BE8C18 /* Debug */,
				22AEF1C028EB8F3100BE8C18 /* Release */,
			);
			defaultConfigurationIsVisible = 0;
			defaultConfigurationName = Release;
		};
/* End XCConfigurationList section */
	};
	rootObject = 22AEF1A228EB8F2E00BE8C18 /* Project object */;
}
